// !$*UTF8*$!
{
	archiveVersion = 1;
	classes = {
	};
	objectVersion = 50;
	objects = {

/* Begin PBXBuildFile section */
		BC95A2E2264ABF0100B5F451 /* AppDelegate.swift in Sources */ = {isa = PBXBuildFile; fileRef = BC95A2E1264ABF0100B5F451 /* AppDelegate.swift */; };
		BC95A2E4264ABF0100B5F451 /* SceneDelegate.swift in Sources */ = {isa = PBXBuildFile; fileRef = BC95A2E3264ABF0100B5F451 /* SceneDelegate.swift */; };
		BC95A2E6264ABF0100B5F451 /* ViewController.swift in Sources */ = {isa = PBXBuildFile; fileRef = BC95A2E5264ABF0100B5F451 /* ViewController.swift */; };
		BC95A2E9264ABF0100B5F451 /* Main.storyboard in Resources */ = {isa = PBXBuildFile; fileRef = BC95A2E7264ABF0100B5F451 /* Main.storyboard */; };
		BC95A2EB264ABF0300B5F451 /* Assets.xcassets in Resources */ = {isa = PBXBuildFile; fileRef = BC95A2EA264ABF0300B5F451 /* Assets.xcassets */; };
		BC95A2EE264ABF0300B5F451 /* LaunchScreen.storyboard in Resources */ = {isa = PBXBuildFile; fileRef = BC95A2EC264ABF0300B5F451 /* LaunchScreen.storyboard */; };
/* End PBXBuildFile section */

/* Begin PBXFileReference section */
		BC95A2DE264ABF0100B5F451 /* AstronomyTorch.app */ = {isa = PBXFileReference; explicitFileType = wrapper.application; includeInIndex = 0; path = AstronomyTorch.app; sourceTree = BUILT_PRODUCTS_DIR; };
		BC95A2E1264ABF0100B5F451 /* AppDelegate.swift */ = {isa = PBXFileReference; lastKnownFileType = sourcecode.swift; path = AppDelegate.swift; sourceTree = "<group>"; };
		BC95A2E3264ABF0100B5F451 /* SceneDelegate.swift */ = {isa = PBXFileReference; lastKnownFileType = sourcecode.swift; path = SceneDelegate.swift; sourceTree = "<group>"; };
		BC95A2E5264ABF0100B5F451 /* ViewController.swift */ = {isa = PBXFileReference; lastKnownFileType = sourcecode.swift; path = ViewController.swift; sourceTree = "<group>"; };
		BC95A2E8264ABF0100B5F451 /* Base */ = {isa = PBXFileReference; lastKnownFileType = file.storyboard; name = Base; path = Base.lproj/Main.storyboard; sourceTree = "<group>"; };
		BC95A2EA264ABF0300B5F451 /* Assets.xcassets */ = {isa = PBXFileReference; lastKnownFileType = folder.assetcatalog; path = Assets.xcassets; sourceTree = "<group>"; };
		BC95A2ED264ABF0300B5F451 /* Base */ = {isa = PBXFileReference; lastKnownFileType = file.storyboard; name = Base; path = Base.lproj/LaunchScreen.storyboard; sourceTree = "<group>"; };
		BC95A2EF264ABF0300B5F451 /* Info.plist */ = {isa = PBXFileReference; lastKnownFileType = text.plist.xml; path = Info.plist; sourceTree = "<group>"; };
/* End PBXFileReference section */

/* Begin PBXFrameworksBuildPhase section */
		BC95A2DB264ABF0100B5F451 /* Frameworks */ = {
			isa = PBXFrameworksBuildPhase;
			buildActionMask = 2147483647;
			files = (
			);
			runOnlyForDeploymentPostprocessing = 0;
		};
/* End PBXFrameworksBuildPhase section */

/* Begin PBXGroup section */
		BC95A2D5264ABF0100B5F451 = {
			isa = PBXGroup;
			children = (
				BC95A2E0264ABF0100B5F451 /* AstronomyTorch */,
				BC95A2DF264ABF0100B5F451 /* Products */,
			);
			sourceTree = "<group>";
		};
		BC95A2DF264ABF0100B5F451 /* Products */ = {
			isa = PBXGroup;
			children = (
				BC95A2DE264ABF0100B5F451 /* AstronomyTorch.app */,
			);
			name = Products;
			sourceTree = "<group>";
		};
		BC95A2E0264ABF0100B5F451 /* AstronomyTorch */ = {
			isa = PBXGroup;
			children = (
				BC95A2E1264ABF0100B5F451 /* AppDelegate.swift */,
				BC95A2E3264ABF0100B5F451 /* SceneDelegate.swift */,
				BC95A2E5264ABF0100B5F451 /* ViewController.swift */,
				BC95A2E7264ABF0100B5F451 /* Main.storyboard */,
				BC95A2EA264ABF0300B5F451 /* Assets.xcassets */,
				BC95A2EC264ABF0300B5F451 /* LaunchScreen.storyboard */,
				BC95A2EF264ABF0300B5F451 /* Info.plist */,
			);
			path = AstronomyTorch;
			sourceTree = "<group>";
		};
/* End PBXGroup section */

/* Begin PBXNativeTarget section */
		BC95A2DD264ABF0100B5F451 /* AstronomyTorch */ = {
			isa = PBXNativeTarget;
			buildConfigurationList = BC95A2F2264ABF0300B5F451 /* Build configuration list for PBXNativeTarget "AstronomyTorch" */;
			buildPhases = (
				BC95A2DA264ABF0100B5F451 /* Sources */,
				BC95A2DB264ABF0100B5F451 /* Frameworks */,
				BC95A2DC264ABF0100B5F451 /* Resources */,
			);
			buildRules = (
			);
			dependencies = (
			);
			name = AstronomyTorch;
			productName = AstronomyTorch;
			productReference = BC95A2DE264ABF0100B5F451 /* AstronomyTorch.app */;
			productType = "com.apple.product-type.application";
		};
/* End PBXNativeTarget section */

/* Begin PBXProject section */
		BC95A2D6264ABF0100B5F451 /* Project object */ = {
			isa = PBXProject;
			attributes = {
				LastSwiftUpdateCheck = 1100;
				LastUpgradeCheck = 1100;
				ORGANIZATIONNAME = "Monique Shaqiri";
				TargetAttributes = {
					BC95A2DD264ABF0100B5F451 = {
						CreatedOnToolsVersion = 11.0;
					};
				};
			};
			buildConfigurationList = BC95A2D9264ABF0100B5F451 /* Build configuration list for PBXProject "AstronomyTorch" */;
			compatibilityVersion = "Xcode 9.3";
			developmentRegion = en;
			hasScannedForEncodings = 0;
			knownRegions = (
				en,
				Base,
			);
			mainGroup = BC95A2D5264ABF0100B5F451;
			productRefGroup = BC95A2DF264ABF0100B5F451 /* Products */;
			projectDirPath = "";
			projectRoot = "";
			targets = (
				BC95A2DD264ABF0100B5F451 /* AstronomyTorch */,
			);
		};
/* End PBXProject section */

/* Begin PBXResourcesBuildPhase section */
		BC95A2DC264ABF0100B5F451 /* Resources */ = {
			isa = PBXResourcesBuildPhase;
			buildActionMask = 2147483647;
			files = (
				BC95A2EE264ABF0300B5F451 /* LaunchScreen.storyboard in Resources */,
				BC95A2EB264ABF0300B5F451 /* Assets.xcassets in Resources */,
				BC95A2E9264ABF0100B5F451 /* Main.storyboard in Resources */,
			);
			runOnlyForDeploymentPostprocessing = 0;
		};
/* End PBXResourcesBuildPhase section */

/* Begin PBXSourcesBuildPhase section */
		BC95A2DA264ABF0100B5F451 /* Sources */ = {
			isa = PBXSourcesBuildPhase;
			buildActionMask = 2147483647;
			files = (
				BC95A2E6264ABF0100B5F451 /* ViewController.swift in Sources */,
				BC95A2E2264ABF0100B5F451 /* AppDelegate.swift in Sources */,
				BC95A2E4264ABF0100B5F451 /* SceneDelegate.swift in Sources */,
			);
			runOnlyForDeploymentPostprocessing = 0;
		};
/* End PBXSourcesBuildPhase section */

/* Begin PBXVariantGroup section */
		BC95A2E7264ABF0100B5F451 /* Main.storyboard */ = {
			isa = PBXVariantGroup;
			children = (
				BC95A2E8264ABF0100B5F451 /* Base */,
			);
			name = Main.storyboard;
			sourceTree = "<group>";
		};
		BC95A2EC264ABF0300B5F451 /* LaunchScreen.storyboard */ = {
			isa = PBXVariantGroup;
			children = (
				BC95A2ED264ABF0300B5F451 /* Base */,
			);
			name = LaunchScreen.storyboard;
			sourceTree = "<group>";
		};
/* End PBXVariantGroup section */

/* Begin XCBuildConfiguration section */
		BC95A2F0264ABF0300B5F451 /* Debug */ = {
			isa = XCBuildConfiguration;
			buildSettings = {
				ALWAYS_SEARCH_USER_PATHS = NO;
				CLANG_ANALYZER_NONNULL = YES;
				CLANG_ANALYZER_NUMBER_OBJECT_CONVERSION = YES_AGGRESSIVE;
				CLANG_CXX_LANGUAGE_STANDARD = "gnu++14";
				CLANG_CXX_LIBRARY = "libc++";
				CLANG_ENABLE_MODULES = YES;
				CLANG_ENABLE_OBJC_ARC = YES;
				CLANG_ENABLE_OBJC_WEAK = YES;
				CLANG_WARN_BLOCK_CAPTURE_AUTORELEASING = YES;
				CLANG_WARN_BOOL_CONVERSION = YES;
				CLANG_WARN_COMMA = YES;
				CLANG_WARN_CONSTANT_CONVERSION = YES;
				CLANG_WARN_DEPRECATED_OBJC_IMPLEMENTATIONS = YES;
				CLANG_WARN_DIRECT_OBJC_ISA_USAGE = YES_ERROR;
				CLANG_WARN_DOCUMENTATION_COMMENTS = YES;
				CLANG_WARN_EMPTY_BODY = YES;
				CLANG_WARN_ENUM_CONVERSION = YES;
				CLANG_WARN_INFINITE_RECURSION = YES;
				CLANG_WARN_INT_CONVERSION = YES;
				CLANG_WARN_NON_LITERAL_NULL_CONVERSION = YES;
				CLANG_WARN_OBJC_IMPLICIT_RETAIN_SELF = YES;
				CLANG_WARN_OBJC_LITERAL_CONVERSION = YES;
				CLANG_WARN_OBJC_ROOT_CLASS = YES_ERROR;
				CLANG_WARN_RANGE_LOOP_ANALYSIS = YES;
				CLANG_WARN_STRICT_PROTOTYPES = YES;
				CLANG_WARN_SUSPICIOUS_MOVE = YES;
				CLANG_WARN_UNGUARDED_AVAILABILITY = YES_AGGRESSIVE;
				CLANG_WARN_UNREACHABLE_CODE = YES;
				CLANG_WARN__DUPLICATE_METHOD_MATCH = YES;
				COPY_PHASE_STRIP = NO;
				DEBUG_INFORMATION_FORMAT = dwarf;
				ENABLE_STRICT_OBJC_MSGSEND = YES;
				ENABLE_TESTABILITY = YES;
				GCC_C_LANGUAGE_STANDARD = gnu11;
				GCC_DYNAMIC_NO_PIC = NO;
				GCC_NO_COMMON_BLOCKS = YES;
				GCC_OPTIMIZATION_LEVEL = 0;
				GCC_PREPROCESSOR_DEFINITIONS = (
					"DEBUG=1",
					"$(inherited)",
				);
				GCC_WARN_64_TO_32_BIT_CONVERSION = YES;
				GCC_WARN_ABOUT_RETURN_TYPE = YES_ERROR;
				GCC_WARN_UNDECLARED_SELECTOR = YES;
				GCC_WARN_UNINITIALIZED_AUTOS = YES_AGGRESSIVE;
				GCC_WARN_UNUSED_FUNCTION = YES;
				GCC_WARN_UNUSED_VARIABLE = YES;
				IPHONEOS_DEPLOYMENT_TARGET = 13.0;
				MTL_ENABLE_DEBUG_INFO = INCLUDE_SOURCE;
				MTL_FAST_MATH = YES;
				ONLY_ACTIVE_ARCH = YES;
				SDKROOT = iphoneos;
				SWIFT_ACTIVE_COMPILATION_CONDITIONS = DEBUG;
				SWIFT_OPTIMIZATION_LEVEL = "-Onone";
			};
			name = Debug;
		};
		BC95A2F1264ABF0300B5F451 /* Release */ = {
			isa = XCBuildConfiguration;
			buildSettings = {
				ALWAYS_SEARCH_USER_PATHS = NO;
				CLANG_ANALYZER_NONNULL = YES;
				CLANG_ANALYZER_NUMBER_OBJECT_CONVERSION = YES_AGGRESSIVE;
				CLANG_CXX_LANGUAGE_STANDARD = "gnu++14";
				CLANG_CXX_LIBRARY = "libc++";
				CLANG_ENABLE_MODULES = YES;
				CLANG_ENABLE_OBJC_ARC = YES;
				CLANG_ENABLE_OBJC_WEAK = YES;
				CLANG_WARN_BLOCK_CAPTURE_AUTORELEASING = YES;
				CLANG_WARN_BOOL_CONVERSION = YES;
				CLANG_WARN_COMMA = YES;
				CLANG_WARN_CONSTANT_CONVERSION = YES;
				CLANG_WARN_DEPRECATED_OBJC_IMPLEMENTATIONS = YES;
				CLANG_WARN_DIRECT_OBJC_ISA_USAGE = YES_ERROR;
				CLANG_WARN_DOCUMENTATION_COMMENTS = YES;
				CLANG_WARN_EMPTY_BODY = YES;
				CLANG_WARN_ENUM_CONVERSION = YES;
				CLANG_WARN_INFINITE_RECURSION = YES;
				CLANG_WARN_INT_CONVERSION = YES;
				CLANG_WARN_NON_LITERAL_NULL_CONVERSION = YES;
				CLANG_WARN_OBJC_IMPLICIT_RETAIN_SELF = YES;
				CLANG_WARN_OBJC_LITERAL_CONVERSION = YES;
				CLANG_WARN_OBJC_ROOT_CLASS = YES_ERROR;
				CLANG_WARN_RANGE_LOOP_ANALYSIS = YES;
				CLANG_WARN_STRICT_PROTOTYPES = YES;
				CLANG_WARN_SUSPICIOUS_MOVE = YES;
				CLANG_WARN_UNGUARDED_AVAILABILITY = YES_AGGRESSIVE;
				CLANG_WARN_UNREACHABLE_CODE = YES;
				CLANG_WARN__DUPLICATE_METHOD_MATCH = YES;
				COPY_PHASE_STRIP = NO;
				DEBUG_INFORMATION_FORMAT = "dwarf-with-dsym";
				ENABLE_NS_ASSERTIONS = NO;
				ENABLE_STRICT_OBJC_MSGSEND = YES;
				GCC_C_LANGUAGE_STANDARD = gnu11;
				GCC_NO_COMMON_BLOCKS = YES;
				GCC_WARN_64_TO_32_BIT_CONVERSION = YES;
				GCC_WARN_ABOUT_RETURN_TYPE = YES_ERROR;
				GCC_WARN_UNDECLARED_SELECTOR = YES;
				GCC_WARN_UNINITIALIZED_AUTOS = YES_AGGRESSIVE;
				GCC_WARN_UNUSED_FUNCTION = YES;
				GCC_WARN_UNUSED_VARIABLE = YES;
				IPHONEOS_DEPLOYMENT_TARGET = 13.0;
				MTL_ENABLE_DEBUG_INFO = NO;
				MTL_FAST_MATH = YES;
				SDKROOT = iphoneos;
				SWIFT_COMPILATION_MODE = wholemodule;
				SWIFT_OPTIMIZATION_LEVEL = "-O";
				VALIDATE_PRODUCT = YES;
			};
			name = Release;
		};
		BC95A2F3264ABF0300B5F451 /* Debug */ = {
			isa = XCBuildConfiguration;
			buildSettings = {
				ASSETCATALOG_COMPILER_APPICON_NAME = AppIcon;
				CODE_SIGN_STYLE = Automatic;
				DEVELOPMENT_TEAM = PJBAA344QW;
				INFOPLIST_FILE = AstronomyTorch/Info.plist;
				LD_RUNPATH_SEARCH_PATHS = (
					"$(inherited)",
					"@executable_path/Frameworks",
				);
				PRODUCT_BUNDLE_IDENTIFIER = "com.Softwareengineering-S.AstronomyTorch";
				PRODUCT_NAME = "$(TARGET_NAME)";
				SWIFT_VERSION = 5.0;
				TARGETED_DEVICE_FAMILY = "1,2";
			};
			name = Debug;
		};
		BC95A2F4264ABF0300B5F451 /* Release */ = {
			isa = XCBuildConfiguration;
			buildSettings = {
				ASSETCATALOG_COMPILER_APPICON_NAME = AppIcon;
				CODE_SIGN_STYLE = Automatic;
				DEVELOPMENT_TEAM = PJBAA344QW;
				INFOPLIST_FILE = AstronomyTorch/Info.plist;
				LD_RUNPATH_SEARCH_PATHS = (
					"$(inherited)",
					"@executable_path/Frameworks",
				);
				PRODUCT_BUNDLE_IDENTIFIER = "com.Softwareengineering-S.AstronomyTorch";
				PRODUCT_NAME = "$(TARGET_NAME)";
				SWIFT_VERSION = 5.0;
				TARGETED_DEVICE_FAMILY = "1,2";
			};
			name = Release;
		};
/* End XCBuildConfiguration section */

/* Begin XCConfigurationList section */
		BC95A2D9264ABF0100B5F451 /* Build configuration list for PBXProject "AstronomyTorch" */ = {
			isa = XCConfigurationList;
			buildConfigurations = (
				BC95A2F0264ABF0300B5F451 /* Debug */,
				BC95A2F1264ABF0300B5F451 /* Release */,
			);
			defaultConfigurationIsVisible = 0;
			defaultConfigurationName = Release;
		};
		BC95A2F2264ABF0300B5F451 /* Build configuration list for PBXNativeTarget "AstronomyTorch" */ = {
			isa = XCConfigurationList;
			buildConfigurations = (
				BC95A2F3264ABF0300B5F451 /* Debug */,
				BC95A2F4264ABF0300B5F451 /* Release */,
			);
			defaultConfigurationIsVisible = 0;
			defaultConfigurationName = Release;
		};
/* End XCConfigurationList section */
	};
	rootObject = BC95A2D6264ABF0100B5F451 /* Project object */;
}
